{
  "nodes": {
    "nixpkgs": {
      "locked": {
        "lastModified": 0,
        "narHash": "sha256-mML6POXot854hEHi433Fbj8SFfAA8+aWpMtttV1jBcg=",
        "path": "/nix/store/qx7yzgnj7cizsdcq1d2pqih5bmpfhsxi-source",
        "type": "path"
      },
      "original": {
        "id": "nixpkgs",
        "type": "indirect"
      }
    },
    "root": {
      "inputs": {
        "nixpkgs": "nixpkgs"
      }
    }
  },
  "root": "root",
  "version": 7
}
